
Microsoft Visual Studio Solution File, Format Version 12.00
# Visual Studio 15
VisualStudioVersion = 15.0.28307.438
MinimumVisualStudioVersion = 10.0.40219.1
Project("{FAE04EC0-301F-11D3-BF4B-00C04F79EFBC}") = "Psyconnect.Android", "Psyconnect\Psyconnect.Android\Psyconnect.Android.csproj", "{F9E0EE69-2B4E-4B26-9513-BF835616F33A}"
EndProject
Project("{FAE04EC0-301F-11D3-BF4B-00C04F79EFBC}") = "Psyconnect.iOS", "Psyconnect\Psyconnect.iOS\Psyconnect.iOS.csproj", "{A87375A3-013C-45C2-A0C7-C86A525371A5}"
EndProject
Project("{FAE04EC0-301F-11D3-BF4B-00C04F79EFBC}") = "Psyconnect", "Psyconnect\Psyconnect\Psyconnect.csproj", "{2906F125-051C-4D06-8065-7A6BAE419B81}"
EndProject
Global
	GlobalSection(SolutionConfigurationPlatforms) = preSolution
		Ad-Hoc|Any CPU = Ad-Hoc|Any CPU
		Ad-Hoc|iPhone = Ad-Hoc|iPhone
		Ad-Hoc|iPhoneSimulator = Ad-Hoc|iPhoneSimulator
		AppStore|Any CPU = AppStore|Any CPU
		AppStore|iPhone = AppStore|iPhone
		AppStore|iPhoneSimulator = AppStore|iPhoneSimulator
		Debug|Any CPU = Debug|Any CPU
		Debug|iPhone = Debug|iPhone
		Debug|iPhoneSimulator = Debug|iPhoneSimulator
		Release|Any CPU = Release|Any CPU
		Release|iPhone = Release|iPhone
		Release|iPhoneSimulator = Release|iPhoneSimulator
	EndGlobalSection
	GlobalSection(ProjectConfigurationPlatforms) = postSolution
		{F9E0EE69-2B4E-4B26-9513-BF835616F33A}.Ad-Hoc|Any CPU.ActiveCfg = Release|Any CPU
		{F9E0EE69-2B4E-4B26-9513-BF835616F33A}.Ad-Hoc|Any CPU.Build.0 = Release|Any CPU
		{F9E0EE69-2B4E-4B26-9513-BF835616F33A}.Ad-Hoc|Any CPU.Deploy.0 = Release|Any CPU
		{F9E0EE69-2B4E-4B26-9513-BF835616F33A}.Ad-Hoc|iPhone.ActiveCfg = Release|Any CPU
		{F9E0EE69-2B4E-4B26-9513-BF835616F33A}.Ad-Hoc|iPhone.Build.0 = Release|Any CPU
		{F9E0EE69-2B4E-4B26-9513-BF835616F33A}.Ad-Hoc|iPhone.Deploy.0 = Release|Any CPU
		{F9E0EE69-2B4E-4B26-9513-BF835616F33A}.Ad-Hoc|iPhoneSimulator.ActiveCfg = Release|Any CPU
		{F9E0EE69-2B4E-4B26-9513-BF835616F33A}.Ad-Hoc|iPhoneSimulator.Build.0 = Release|Any CPU
		{F9E0EE69-2B4E-4B26-9513-BF835616F33A}.Ad-Hoc|iPhoneSimulator.Deploy.0 = Release|Any CPU
		{F9E0EE69-2B4E-4B26-9513-BF835616F33A}.AppStore|Any CPU.ActiveCfg = Release|Any CPU
		{F9E0EE69-2B4E-4B26-9513-BF835616F33A}.AppStore|Any CPU.Build.0 = Release|Any CPU
		{F9E0EE69-2B4E-4B26-9513-BF835616F33A}.AppStore|Any CPU.Deploy.0 = Release|Any CPU
		{F9E0EE69-2B4E-4B26-9513-BF835616F33A}.AppStore|iPhone.ActiveCfg = Release|Any CPU
		{F9E0EE69-2B4E-4B26-9513-BF835616F33A}.AppStore|iPhone.Build.0 = Release|Any CPU
		{F9E0EE69-2B4E-4B26-9513-BF835616F33A}.AppStore|iPhone.Deploy.0 = Release|Any CPU
		{F9E0EE69-2B4E-4B26-9513-BF835616F33A}.AppStore|iPhoneSimulator.ActiveCfg = Release|Any CPU
		{F9E0EE69-2B4E-4B26-9513-BF835616F33A}.AppStore|iPhoneSimulator.Build.0 = Release|Any CPU
		{F9E0EE69-2B4E-4B26-9513-BF835616F33A}.AppStore|iPhoneSimulator.Deploy.0 = Release|Any CPU
		{F9E0EE69-2B4E-4B26-9513-BF835616F33A}.Debug|Any CPU.ActiveCfg = Debug|Any CPU
		{F9E0EE69-2B4E-4B26-9513-BF835616F33A}.Debug|Any CPU.Build.0 = Debug|Any CPU
		{F9E0EE69-2B4E-4B26-9513-BF835616F33A}.Debug|Any CPU.Deploy.0 = Debug|Any CPU
		{F9E0EE69-2B4E-4B26-9513-BF835616F33A}.Debug|iPhone.ActiveCfg = Debug|Any CPU
		{F9E0EE69-2B4E-4B26-9513-BF835616F33A}.Debug|iPhone.Build.0 = Debug|Any CPU
		{F9E0EE69-2B4E-4B26-9513-BF835616F33A}.Debug|iPhone.Deploy.0 = Debug|Any CPU
		{F9E0EE69-2B4E-4B26-9513-BF835616F33A}.Debug|iPhoneSimulator.ActiveCfg = Debug|Any CPU
		{F9E0EE69-2B4E-4B26-9513-BF835616F33A}.Debug|iPhoneSimulator.Build.0 = Debug|Any CPU
		{F9E0EE69-2B4E-4B26-9513-BF835616F33A}.Debug|iPhoneSimulator.Deploy.0 = Debug|Any CPU
		{F9E0EE69-2B4E-4B26-9513-BF835616F33A}.Release|Any CPU.ActiveCfg = Release|Any CPU
		{F9E0EE69-2B4E-4B26-9513-BF835616F33A}.Release|Any CPU.Build.0 = Release|Any CPU
		{F9E0EE69-2B4E-4B26-9513-BF835616F33A}.Release|Any CPU.Deploy.0 = Release|Any CPU
		{F9E0EE69-2B4E-4B26-9513-BF835616F33A}.Release|iPhone.ActiveCfg = Release|Any CPU
		{F9E0EE69-2B4E-4B26-9513-BF835616F33A}.Release|iPhone.Build.0 = Release|Any CPU
		{F9E0EE69-2B4E-4B26-9513-BF835616F33A}.Release|iPhone.Deploy.0 = Release|Any CPU
		{F9E0EE69-2B4E-4B26-9513-BF835616F33A}.Release|iPhoneSimulator.ActiveCfg = Release|Any CPU
		{F9E0EE69-2B4E-4B26-9513-BF835616F33A}.Release|iPhoneSimulator.Build.0 = Release|Any CPU
		{F9E0EE69-2B4E-4B26-9513-BF835616F33A}.Release|iPhoneSimulator.Deploy.0 = Release|Any CPU
		{A87375A3-013C-45C2-A0C7-C86A525371A5}.Ad-Hoc|Any CPU.ActiveCfg = Ad-Hoc|iPhone
		{A87375A3-013C-45C2-A0C7-C86A525371A5}.Ad-Hoc|Any CPU.Build.0 = Ad-Hoc|iPhone
		{A87375A3-013C-45C2-A0C7-C86A525371A5}.Ad-Hoc|Any CPU.Deploy.0 = Ad-Hoc|iPhone
		{A87375A3-013C-45C2-A0C7-C86A525371A5}.Ad-Hoc|iPhone.ActiveCfg = Ad-Hoc|iPhone
		{A87375A3-013C-45C2-A0C7-C86A525371A5}.Ad-Hoc|iPhone.Build.0 = Ad-Hoc|iPhone
		{A87375A3-013C-45C2-A0C7-C86A525371A5}.Ad-Hoc|iPhone.Deploy.0 = Ad-Hoc|iPhone
		{A87375A3-013C-45C2-A0C7-C86A525371A5}.Ad-Hoc|iPhoneSimulator.ActiveCfg = Ad-Hoc|iPhoneSimulator
		{A87375A3-013C-45C2-A0C7-C86A525371A5}.Ad-Hoc|iPhoneSimulator.Build.0 = Ad-Hoc|iPhoneSimulator
		{A87375A3-013C-45C2-A0C7-C86A525371A5}.Ad-Hoc|iPhoneSimulator.Deploy.0 = Ad-Hoc|iPhoneSimulator
		{A87375A3-013C-45C2-A0C7-C86A525371A5}.AppStore|Any CPU.ActiveCfg = AppStore|iPhone
		{A87375A3-013C-45C2-A0C7-C86A525371A5}.AppStore|Any CPU.Build.0 = AppStore|iPhone
		{A87375A3-013C-45C2-A0C7-C86A525371A5}.AppStore|Any CPU.Deploy.0 = AppStore|iPhone
		{A87375A3-013C-45C2-A0C7-C86A525371A5}.AppStore|iPhone.ActiveCfg = AppStore|iPhone
		{A87375A3-013C-45C2-A0C7-C86A525371A5}.AppStore|iPhone.Build.0 = AppStore|iPhone
		{A87375A3-013C-45C2-A0C7-C86A525371A5}.AppStore|iPhone.Deploy.0 = AppStore|iPhone
		{A87375A3-013C-45C2-A0C7-C86A525371A5}.AppStore|iPhoneSimulator.ActiveCfg = AppStore|iPhoneSimulator
		{A87375A3-013C-45C2-A0C7-C86A525371A5}.AppStore|iPhoneSimulator.Build.0 = AppStore|iPhoneSimulator
		{A87375A3-013C-45C2-A0C7-C86A525371A5}.AppStore|iPhoneSimulator.Deploy.0 = AppStore|iPhoneSimulator
		{A87375A3-013C-45C2-A0C7-C86A525371A5}.Debug|Any CPU.ActiveCfg = Debug|iPhoneSimulator
		{A87375A3-013C-45C2-A0C7-C86A525371A5}.Debug|Any CPU.Build.0 = Debug|iPhoneSimulator
		{A87375A3-013C-45C2-A0C7-C86A525371A5}.Debug|Any CPU.Deploy.0 = Debug|iPhoneSimulator
		{A87375A3-013C-45C2-A0C7-C86A525371A5}.Debug|iPhone.ActiveCfg = Debug|iPhone
		{A87375A3-013C-45C2-A0C7-C86A525371A5}.Debug|iPhone.Build.0 = Debug|iPhone
		{A87375A3-013C-45C2-A0C7-C86A525371A5}.Debug|iPhone.Deploy.0 = Debug|iPhone
		{A87375A3-013C-45C2-A0C7-C86A525371A5}.Debug|iPhoneSimulator.ActiveCfg = Debug|iPhoneSimulator
		{A87375A3-013C-45C2-A0C7-C86A525371A5}.Debug|iPhoneSimulator.Build.0 = Debug|iPhoneSimulator
		{A87375A3-013C-45C2-A0C7-C86A525371A5}.Debug|iPhoneSimulator.Deploy.0 = Debug|iPhoneSimulator
		{A87375A3-013C-45C2-A0C7-C86A525371A5}.Release|Any CPU.ActiveCfg = Release|iPhone
		{A87375A3-013C-45C2-A0C7-C86A525371A5}.Release|Any CPU.Build.0 = Release|iPhone
		{A87375A3-013C-45C2-A0C7-C86A525371A5}.Release|Any CPU.Deploy.0 = Release|iPhone
		{A87375A3-013C-45C2-A0C7-C86A525371A5}.Release|iPhone.ActiveCfg = Release|iPhone
		{A87375A3-013C-45C2-A0C7-C86A525371A5}.Release|iPhone.Build.0 = Release|iPhone
		{A87375A3-013C-45C2-A0C7-C86A525371A5}.Release|iPhone.Deploy.0 = Release|iPhone
		{A87375A3-013C-45C2-A0C7-C86A525371A5}.Release|iPhoneSimulator.ActiveCfg = Release|iPhoneSimulator
		{A87375A3-013C-45C2-A0C7-C86A525371A5}.Release|iPhoneSimulator.Build.0 = Release|iPhoneSimulator
		{A87375A3-013C-45C2-A0C7-C86A525371A5}.Release|iPhoneSimulator.Deploy.0 = Release|iPhoneSimulator
		{2906F125-051C-4D06-8065-7A6BAE419B81}.Ad-Hoc|Any CPU.ActiveCfg = Debug|Any CPU
		{2906F125-051C-4D06-8065-7A6BAE419B81}.Ad-Hoc|Any CPU.Build.0 = Debug|Any CPU
		{2906F125-051C-4D06-8065-7A6BAE419B81}.Ad-Hoc|Any CPU.Deploy.0 = Debug|Any CPU
		{2906F125-051C-4D06-8065-7A6BAE419B81}.Ad-Hoc|iPhone.ActiveCfg = Debug|Any CPU
		{2906F125-051C-4D06-8065-7A6BAE419B81}.Ad-Hoc|iPhone.Build.0 = Debug|Any CPU
		{2906F125-051C-4D06-8065-7A6BAE419B81}.Ad-Hoc|iPhone.Deploy.0 = Debug|Any CPU
		{2906F125-051C-4D06-8065-7A6BAE419B81}.Ad-Hoc|iPhoneSimulator.ActiveCfg = Debug|Any CPU
		{2906F125-051C-4D06-8065-7A6BAE419B81}.Ad-Hoc|iPhoneSimulator.Build.0 = Debug|Any CPU
		{2906F125-051C-4D06-8065-7A6BAE419B81}.Ad-Hoc|iPhoneSimulator.Deploy.0 = Debug|Any CPU
		{2906F125-051C-4D06-8065-7A6BAE419B81}.AppStore|Any CPU.ActiveCfg = Debug|Any CPU
		{2906F125-051C-4D06-8065-7A6BAE419B81}.AppStore|Any CPU.Build.0 = Debug|Any CPU
		{2906F125-051C-4D06-8065-7A6BAE419B81}.AppStore|Any CPU.Deploy.0 = Debug|Any CPU
		{2906F125-051C-4D06-8065-7A6BAE419B81}.AppStore|iPhone.ActiveCfg = Debug|Any CPU
		{2906F125-051C-4D06-8065-7A6BAE419B81}.AppStore|iPhone.Build.0 = Debug|Any CPU
		{2906F125-051C-4D06-8065-7A6BAE419B81}.AppStore|iPhone.Deploy.0 = Debug|Any CPU
		{2906F125-051C-4D06-8065-7A6BAE419B81}.AppStore|iPhoneSimulator.ActiveCfg = Debug|Any CPU
		{2906F125-051C-4D06-8065-7A6BAE419B81}.AppStore|iPhoneSimulator.Build.0 = Debug|Any CPU
		{2906F125-051C-4D06-8065-7A6BAE419B81}.AppStore|iPhoneSimulator.Deploy.0 = Debug|Any CPU
		{2906F125-051C-4D06-8065-7A6BAE419B81}.Debug|Any CPU.ActiveCfg = Debug|Any CPU
		{2906F125-051C-4D06-8065-7A6BAE419B81}.Debug|Any CPU.Build.0 = Debug|Any CPU
		{2906F125-051C-4D06-8065-7A6BAE419B81}.Debug|Any CPU.Deploy.0 = Debug|Any CPU
		{2906F125-051C-4D06-8065-7A6BAE419B81}.Debug|iPhone.ActiveCfg = Debug|Any CPU
		{2906F125-051C-4D06-8065-7A6BAE419B81}.Debug|iPhone.Build.0 = Debug|Any CPU
		{2906F125-051C-4D06-8065-7A6BAE419B81}.Debug|iPhone.Deploy.0 = Debug|Any CPU
		{2906F125-051C-4D06-8065-7A6BAE419B81}.Debug|iPhoneSimulator.ActiveCfg = Debug|Any CPU
		{2906F125-051C-4D06-8065-7A6BAE419B81}.Debug|iPhoneSimulator.Build.0 = Debug|Any CPU
		{2906F125-051C-4D06-8065-7A6BAE419B81}.Debug|iPhoneSimulator.Deploy.0 = Debug|Any CPU
		{2906F125-051C-4D06-8065-7A6BAE419B81}.Release|Any CPU.ActiveCfg = Release|Any CPU
		{2906F125-051C-4D06-8065-7A6BAE419B81}.Release|Any CPU.Build.0 = Release|Any CPU
		{2906F125-051C-4D06-8065-7A6BAE419B81}.Release|Any CPU.Deploy.0 = Release|Any CPU
		{2906F125-051C-4D06-8065-7A6BAE419B81}.Release|iPhone.ActiveCfg = Release|Any CPU
		{2906F125-051C-4D06-8065-7A6BAE419B81}.Release|iPhone.Build.0 = Release|Any CPU
		{2906F125-051C-4D06-8065-7A6BAE419B81}.Release|iPhone.Deploy.0 = Release|Any CPU
		{2906F125-051C-4D06-8065-7A6BAE419B81}.Release|iPhoneSimulator.ActiveCfg = Release|Any CPU
		{2906F125-051C-4D06-8065-7A6BAE419B81}.Release|iPhoneSimulator.Build.0 = Release|Any CPU
		{2906F125-051C-4D06-8065-7A6BAE419B81}.Release|iPhoneSimulator.Deploy.0 = Release|Any CPU
	EndGlobalSection
	GlobalSection(SolutionProperties) = preSolution
		HideSolutionNode = FALSE
	EndGlobalSection
	GlobalSection(ExtensibilityGlobals) = postSolution
		SolutionGuid = {89F0FA79-A1BB-4018-BDA4-58D9D6F09B1C}
	EndGlobalSection
EndGlobal
